lockfileVersion: '9.0'

settings:
  autoInstallPeers: true
  excludeLinksFromLockfile: false

importers:

  .:
    dependencies:
      '@aws-sdk/node-http-handler':
        specifier: ^3.374.0
        version: 3.374.0

packages:

  '@aws-sdk/node-http-handler@3.374.0':
    resolution: {integrity: sha512-v1Z6m0wwkf65/tKuhwrtPRqVoOtNkDTRn2MBMtxCwEw+8V8Q+YRFqVgGN+J1n53ktE0G5OYVBux/NHiAjJHReQ==}
    engines: {node: '>=14.0.0'}
    deprecated: This package has moved to @smithy/node-http-handler

  '@smithy/abort-controller@1.1.0':
    resolution: {integrity: sha512-5imgGUlZL4dW4YWdMYAKLmal9ny/tlenM81QZY7xYyb76z9Z/QOg7oM5Ak9HQl8QfFTlGVWwcMXl+54jroRgEQ==}
    engines: {node: '>=14.0.0'}

  '@smithy/node-http-handler@1.1.0':
    resolution: {integrity: sha512-d3kRriEgaIiGXLziAM8bjnaLn1fthCJeTLZIwEIpzQqe6yPX0a+yQoLCTyjb2fvdLwkMoG4p7THIIB5cj5lkbg==}
    engines: {node: '>=14.0.0'}

  '@smithy/protocol-http@1.2.0':
    resolution: {integrity: sha512-GfGfruksi3nXdFok5RhgtOnWe5f6BndzYfmEXISD+5gAGdayFGpjWu5pIqIweTudMtse20bGbc+7MFZXT1Tb8Q==}
    engines: {node: '>=14.0.0'}

  '@smithy/querystring-builder@1.1.0':
    resolution: {integrity: sha512-gDEi4LxIGLbdfjrjiY45QNbuDmpkwh9DX4xzrR2AzjjXpxwGyfSpbJaYhXARw9p17VH0h9UewnNQXNwaQyYMDA==}
    engines: {node: '>=14.0.0'}

  '@smithy/types@1.2.0':
    resolution: {integrity: sha512-z1r00TvBqF3dh4aHhya7nz1HhvCg4TRmw51fjMrh5do3h+ngSstt/yKlNbHeb9QxJmFbmN8KEVSWgb1bRvfEoA==}
    engines: {node: '>=14.0.0'}

  '@smithy/util-uri-escape@1.1.0':
    resolution: {integrity: sha512-/jL/V1xdVRt5XppwiaEU8Etp5WHZj609n0xMTuehmCqdoOFbId1M+aEeDWZsQ+8JbEB/BJ6ynY2SlYmOaKtt8w==}
    engines: {node: '>=14.0.0'}

  tslib@2.8.1:
    resolution: {integrity: sha512-oJFu94HQb+KVduSUQL7wnpmqnfmLsOA/nAh6b6EH0wCEoK0/mPeXU6c3wKDV83MkOuHPRHtSXKKU99IBazS/2w==}

snapshots:

  '@aws-sdk/node-http-handler@3.374.0':
    dependencies:
      '@smithy/node-http-handler': 1.1.0
      tslib: 2.8.1

  '@smithy/abort-controller@1.1.0':
    dependencies:
      '@smithy/types': 1.2.0
      tslib: 2.8.1

  '@smithy/node-http-handler@1.1.0':
    dependencies:
      '@smithy/abort-controller': 1.1.0
      '@smithy/protocol-http': 1.2.0
      '@smithy/querystring-builder': 1.1.0
      '@smithy/types': 1.2.0
      tslib: 2.8.1

  '@smithy/protocol-http@1.2.0':
    dependencies:
      '@smithy/types': 1.2.0
      tslib: 2.8.1

  '@smithy/querystring-builder@1.1.0':
    dependencies:
      '@smithy/types': 1.2.0
      '@smithy/util-uri-escape': 1.1.0
      tslib: 2.8.1

  '@smithy/types@1.2.0':
    dependencies:
      tslib: 2.8.1

  '@smithy/util-uri-escape@1.1.0':
    dependencies:
      tslib: 2.8.1

  tslib@2.8.1: {}
